
Microsoft Visual Studio Solution File, Format Version 12.00
# Visual Studio Version 16
VisualStudioVersion = 16.0.29519.87
MinimumVisualStudioVersion = 10.0.40219.1
Project("{FAE04EC0-301F-11D3-BF4B-00C04F79EFBC}") = "Lichtorgel2.0", "Lichtorgel2.0\Lichtorgel2.0.csproj", "{1DB060C7-82CE-4568-8493-5FFE09C81ABD}"
EndProject
Global
	GlobalSection(SolutionConfigurationPlatforms) = preSolution
		Debug|ARM = Debug|ARM
		Debug|ARM64 = Debug|ARM64
		Debug|x64 = Debug|x64
		Debug|x86 = Debug|x86
		Release|ARM = Release|ARM
		Release|ARM64 = Release|ARM64
		Release|x64 = Release|x64
		Release|x86 = Release|x86
	EndGlobalSection
	GlobalSection(ProjectConfigurationPlatforms) = postSolution
		{1DB060C7-82CE-4568-8493-5FFE09C81ABD}.Debug|ARM.ActiveCfg = Debug|ARM
		{1DB060C7-82CE-4568-8493-5FFE09C81ABD}.Debug|ARM.Build.0 = Debug|ARM
		{1DB060C7-82CE-4568-8493-5FFE09C81ABD}.Debug|ARM.Deploy.0 = Debug|ARM
		{1DB060C7-82CE-4568-8493-5FFE09C81ABD}.Debug|ARM64.ActiveCfg = Debug|ARM64
		{1DB060C7-82CE-4568-8493-5FFE09C81ABD}.Debug|ARM64.Build.0 = Debug|ARM64
		{1DB060C7-82CE-4568-8493-5FFE09C81ABD}.Debug|ARM64.Deploy.0 = Debug|ARM64
		{1DB060C7-82CE-4568-8493-5FFE09C81ABD}.Debug|x64.ActiveCfg = Debug|x64
		{1DB060C7-82CE-4568-8493-5FFE09C81ABD}.Debug|x64.Build.0 = Debug|x64
		{1DB060C7-82CE-4568-8493-5FFE09C81ABD}.Debug|x64.Deploy.0 = Debug|x64
		{1DB060C7-82CE-4568-8493-5FFE09C81ABD}.Debug|x86.ActiveCfg = Debug|x86
		{1DB060C7-82CE-4568-8493-5FFE09C81ABD}.Debug|x86.Build.0 = Debug|x86
		{1DB060C7-82CE-4568-8493-5FFE09C81ABD}.Debug|x86.Deploy.0 = Debug|x86
		{1DB060C7-82CE-4568-8493-5FFE09C81ABD}.Release|ARM.ActiveCfg = Release|ARM
		{1DB060C7-82CE-4568-8493-5FFE09C81ABD}.Release|ARM.Build.0 = Release|ARM
		{1DB060C7-82CE-4568-8493-5FFE09C81ABD}.Release|ARM.Deploy.0 = Release|ARM
		{1DB060C7-82CE-4568-8493-5FFE09C81ABD}.Release|ARM64.ActiveCfg = Release|ARM64
		{1DB060C7-82CE-4568-8493-5FFE09C81ABD}.Release|ARM64.Build.0 = Release|ARM64
		{1DB060C7-82CE-4568-8493-5FFE09C81ABD}.Release|ARM64.Deploy.0 = Release|ARM64
		{1DB060C7-82CE-4568-8493-5FFE09C81ABD}.Release|x64.ActiveCfg = Release|x64
		{1DB060C7-82CE-4568-8493-5FFE09C81ABD}.Release|x64.Build.0 = Release|x64
		{1DB060C7-82CE-4568-8493-5FFE09C81ABD}.Release|x64.Deploy.0 = Release|x64
		{1DB060C7-82CE-4568-8493-5FFE09C81ABD}.Release|x86.ActiveCfg = Release|x86
		{1DB060C7-82CE-4568-8493-5FFE09C81ABD}.Release|x86.Build.0 = Release|x86
		{1DB060C7-82CE-4568-8493-5FFE09C81ABD}.Release|x86.Deploy.0 = Release|x86
	EndGlobalSection
	GlobalSection(SolutionProperties) = preSolution
		HideSolutionNode = FALSE
	EndGlobalSection
	GlobalSection(ExtensibilityGlobals) = postSolution
		SolutionGuid = {35F62B29-6B19-432B-B2B8-525C04B84F82}
	EndGlobalSection
EndGlobal
